
Microsoft Visual Studio Solution File, Format Version 12.00
# Visual Studio Version 17
VisualStudioVersion = 17.0.31903.59
MinimumVisualStudioVersion = 10.0.40219.1
Project("{2150E333-8FDC-42A3-9474-1A3956D46DE8}") = "src", "src", "{827E0CD3-B72D-47B6-A68D-7590B98EB39B}"
EndProject
Project("{FAE04EC0-301F-11D3-BF4B-00C04F79EFBC}") = "EMMA.AppHost", "src\EMMA.AppHost\EMMA.AppHost.csproj", "{F84DC86D-750F-4092-B891-AEFE996D84F2}"
EndProject
Project("{FAE04EC0-301F-11D3-BF4B-00C04F79EFBC}") = "EMMA.Server", "src\EMMA.Server\EMMA.Server.csproj", "{3F7BFF9F-80CB-49A8-805A-1334E49ED623}"
EndProject
Project("{FAE04EC0-301F-11D3-BF4B-00C04F79EFBC}") = "EMMA.ServiceDefaults", "src\EMMA.ServiceDefaults\EMMA.ServiceDefaults.csproj", "{CE4E61BE-5F33-433C-BD3C-31A4D0B0A113}"
EndProject
Project("{FAE04EC0-301F-11D3-BF4B-00C04F79EFBC}") = "EMMA.Shared", "src\EMMA.Shared\EMMA.Shared.csproj", "{80D76061-E80F-43AD-AA8F-8C8DD4FBF283}"
EndProject
Project("{FAE04EC0-301F-11D3-BF4B-00C04F79EFBC}") = "EMMA.Ingestion", "src\EMMA.Ingestion\EMMA.Ingestion.csproj", "{2E209207-4F19-48DC-919F-382064B5223A}"
EndProject
Project("{FAE04EC0-301F-11D3-BF4B-00C04F79EFBC}") = "EMMA.MarketService", "src\EMMA.MarketService\EMMA.MarketService.csproj", "{79BA3C6E-472C-4D2C-8101-5FB381350BCB}"
EndProject
Project("{FAE04EC0-301F-11D3-BF4B-00C04F79EFBC}") = "EMMA.CommandService", "src\EMMA.CommandService\EMMA.CommandService.csproj", "{EF73C55D-411C-4FB4-9583-EFAEB4F3C25F}"
EndProject
Project("{2150E333-8FDC-42A3-9474-1A3956D46DE8}") = "tests", "tests", "{0AB3BF05-4346-4AA6-1389-037BE0695223}"
EndProject
Project("{FAE04EC0-301F-11D3-BF4B-00C04F79EFBC}") = "EMMA.CommandService.Tests", "tests\EMMA.CommandService.Tests\EMMA.CommandService.Tests.csproj", "{A54196C8-64E0-4A40-8A72-2A8CE1896302}"
EndProject
Project("{FAE04EC0-301F-11D3-BF4B-00C04F79EFBC}") = "EMMA.MarketService.Tests", "tests\EMMA.MarketService.Tests\EMMA.MarketService.Tests.csproj", "{0ABE52F3-501E-4EF2-A466-7033DF89F9FF}"
EndProject
Project("{FAE04EC0-301F-11D3-BF4B-00C04F79EFBC}") = "EMMA.Api", "src\EMMA.Api\EMMA.Api.csproj", "{77F1DC83-5797-4E5B-A209-69B478115F0D}"
EndProject
Project("{FAE04EC0-301F-11D3-BF4B-00C04F79EFBC}") = "Emma.Identity", "src\Emma.Identity\Emma.Identity.csproj", "{1648AE37-EE6E-4581-9FD0-1B321A5ECED6}"
EndProject
Global
	GlobalSection(SolutionConfigurationPlatforms) = preSolution
		Debug|Any CPU = Debug|Any CPU
		Debug|x64 = Debug|x64
		Debug|x86 = Debug|x86
		Release|Any CPU = Release|Any CPU
		Release|x64 = Release|x64
		Release|x86 = Release|x86
	EndGlobalSection
	GlobalSection(ProjectConfigurationPlatforms) = postSolution
		{F84DC86D-750F-4092-B891-AEFE996D84F2}.Debug|Any CPU.ActiveCfg = Debug|Any CPU
		{F84DC86D-750F-4092-B891-AEFE996D84F2}.Debug|Any CPU.Build.0 = Debug|Any CPU
		{F84DC86D-750F-4092-B891-AEFE996D84F2}.Debug|x64.ActiveCfg = Debug|Any CPU
		{F84DC86D-750F-4092-B891-AEFE996D84F2}.Debug|x64.Build.0 = Debug|Any CPU
		{F84DC86D-750F-4092-B891-AEFE996D84F2}.Debug|x86.ActiveCfg = Debug|Any CPU
		{F84DC86D-750F-4092-B891-AEFE996D84F2}.Debug|x86.Build.0 = Debug|Any CPU
		{F84DC86D-750F-4092-B891-AEFE996D84F2}.Release|Any CPU.ActiveCfg = Release|Any CPU
		{F84DC86D-750F-4092-B891-AEFE996D84F2}.Release|Any CPU.Build.0 = Release|Any CPU
		{F84DC86D-750F-4092-B891-AEFE996D84F2}.Release|x64.ActiveCfg = Release|Any CPU
		{F84DC86D-750F-4092-B891-AEFE996D84F2}.Release|x64.Build.0 = Release|Any CPU
		{F84DC86D-750F-4092-B891-AEFE996D84F2}.Release|x86.ActiveCfg = Release|Any CPU
		{F84DC86D-750F-4092-B891-AEFE996D84F2}.Release|x86.Build.0 = Release|Any CPU
		{3F7BFF9F-80CB-49A8-805A-1334E49ED623}.Debug|Any CPU.ActiveCfg = Debug|Any CPU
		{3F7BFF9F-80CB-49A8-805A-1334E49ED623}.Debug|Any CPU.Build.0 = Debug|Any CPU
		{3F7BFF9F-80CB-49A8-805A-1334E49ED623}.Debug|x64.ActiveCfg = Debug|Any CPU
		{3F7BFF9F-80CB-49A8-805A-1334E49ED623}.Debug|x64.Build.0 = Debug|Any CPU
		{3F7BFF9F-80CB-49A8-805A-1334E49ED623}.Debug|x86.ActiveCfg = Debug|Any CPU
		{3F7BFF9F-80CB-49A8-805A-1334E49ED623}.Debug|x86.Build.0 = Debug|Any CPU
		{3F7BFF9F-80CB-49A8-805A-1334E49ED623}.Release|Any CPU.ActiveCfg = Release|Any CPU
		{3F7BFF9F-80CB-49A8-805A-1334E49ED623}.Release|Any CPU.Build.0 = Release|Any CPU
		{3F7BFF9F-80CB-49A8-805A-1334E49ED623}.Release|x64.ActiveCfg = Release|Any CPU
		{3F7BFF9F-80CB-49A8-805A-1334E49ED623}.Release|x64.Build.0 = Release|Any CPU
		{3F7BFF9F-80CB-49A8-805A-1334E49ED623}.Release|x86.ActiveCfg = Release|Any CPU
		{3F7BFF9F-80CB-49A8-805A-1334E49ED623}.Release|x86.Build.0 = Release|Any CPU
		{CE4E61BE-5F33-433C-BD3C-31A4D0B0A113}.Debug|Any CPU.ActiveCfg = Debug|Any CPU
		{CE4E61BE-5F33-433C-BD3C-31A4D0B0A113}.Debug|Any CPU.Build.0 = Debug|Any CPU
		{CE4E61BE-5F33-433C-BD3C-31A4D0B0A113}.Debug|x64.ActiveCfg = Debug|Any CPU
		{CE4E61BE-5F33-433C-BD3C-31A4D0B0A113}.Debug|x64.Build.0 = Debug|Any CPU
		{CE4E61BE-5F33-433C-BD3C-31A4D0B0A113}.Debug|x86.ActiveCfg = Debug|Any CPU
		{CE4E61BE-5F33-433C-BD3C-31A4D0B0A113}.Debug|x86.Build.0 = Debug|Any CPU
		{CE4E61BE-5F33-433C-BD3C-31A4D0B0A113}.Release|Any CPU.ActiveCfg = Release|Any CPU
		{CE4E61BE-5F33-433C-BD3C-31A4D0B0A113}.Release|Any CPU.Build.0 = Release|Any CPU
		{CE4E61BE-5F33-433C-BD3C-31A4D0B0A113}.Release|x64.ActiveCfg = Release|Any CPU
		{CE4E61BE-5F33-433C-BD3C-31A4D0B0A113}.Release|x64.Build.0 = Release|Any CPU
		{CE4E61BE-5F33-433C-BD3C-31A4D0B0A113}.Release|x86.ActiveCfg = Release|Any CPU
		{CE4E61BE-5F33-433C-BD3C-31A4D0B0A113}.Release|x86.Build.0 = Release|Any CPU
		{80D76061-E80F-43AD-AA8F-8C8DD4FBF283}.Debug|Any CPU.ActiveCfg = Debug|Any CPU
		{80D76061-E80F-43AD-AA8F-8C8DD4FBF283}.Debug|Any CPU.Build.0 = Debug|Any CPU
		{80D76061-E80F-43AD-AA8F-8C8DD4FBF283}.Debug|x64.ActiveCfg = Debug|Any CPU
		{80D76061-E80F-43AD-AA8F-8C8DD4FBF283}.Debug|x64.Build.0 = Debug|Any CPU
		{80D76061-E80F-43AD-AA8F-8C8DD4FBF283}.Debug|x86.ActiveCfg = Debug|Any CPU
		{80D76061-E80F-43AD-AA8F-8C8DD4FBF283}.Debug|x86.Build.0 = Debug|Any CPU
		{80D76061-E80F-43AD-AA8F-8C8DD4FBF283}.Release|Any CPU.ActiveCfg = Release|Any CPU
		{80D76061-E80F-43AD-AA8F-8C8DD4FBF283}.Release|Any CPU.Build.0 = Release|Any CPU
		{80D76061-E80F-43AD-AA8F-8C8DD4FBF283}.Release|x64.ActiveCfg = Release|Any CPU
		{80D76061-E80F-43AD-AA8F-8C8DD4FBF283}.Release|x64.Build.0 = Release|Any CPU
		{80D76061-E80F-43AD-AA8F-8C8DD4FBF283}.Release|x86.ActiveCfg = Release|Any CPU
		{80D76061-E80F-43AD-AA8F-8C8DD4FBF283}.Release|x86.Build.0 = Release|Any CPU
		{2E209207-4F19-48DC-919F-382064B5223A}.Debug|Any CPU.ActiveCfg = Debug|Any CPU
		{2E209207-4F19-48DC-919F-382064B5223A}.Debug|Any CPU.Build.0 = Debug|Any CPU
		{2E209207-4F19-48DC-919F-382064B5223A}.Debug|x64.ActiveCfg = Debug|Any CPU
		{2E209207-4F19-48DC-919F-382064B5223A}.Debug|x64.Build.0 = Debug|Any CPU
		{2E209207-4F19-48DC-919F-382064B5223A}.Debug|x86.ActiveCfg = Debug|Any CPU
		{2E209207-4F19-48DC-919F-382064B5223A}.Debug|x86.Build.0 = Debug|Any CPU
		{2E209207-4F19-48DC-919F-382064B5223A}.Release|Any CPU.ActiveCfg = Release|Any CPU
		{2E209207-4F19-48DC-919F-382064B5223A}.Release|Any CPU.Build.0 = Release|Any CPU
		{2E209207-4F19-48DC-919F-382064B5223A}.Release|x64.ActiveCfg = Release|Any CPU
		{2E209207-4F19-48DC-919F-382064B5223A}.Release|x64.Build.0 = Release|Any CPU
		{2E209207-4F19-48DC-919F-382064B5223A}.Release|x86.ActiveCfg = Release|Any CPU
		{2E209207-4F19-48DC-919F-382064B5223A}.Release|x86.Build.0 = Release|Any CPU
		{79BA3C6E-472C-4D2C-8101-5FB381350BCB}.Debug|Any CPU.ActiveCfg = Debug|Any CPU
		{79BA3C6E-472C-4D2C-8101-5FB381350BCB}.Debug|Any CPU.Build.0 = Debug|Any CPU
		{79BA3C6E-472C-4D2C-8101-5FB381350BCB}.Debug|x64.ActiveCfg = Debug|Any CPU
		{79BA3C6E-472C-4D2C-8101-5FB381350BCB}.Debug|x64.Build.0 = Debug|Any CPU
		{79BA3C6E-472C-4D2C-8101-5FB381350BCB}.Debug|x86.ActiveCfg = Debug|Any CPU
		{79BA3C6E-472C-4D2C-8101-5FB381350BCB}.Debug|x86.Build.0 = Debug|Any CPU
		{79BA3C6E-472C-4D2C-8101-5FB381350BCB}.Release|Any CPU.ActiveCfg = Release|Any CPU
		{79BA3C6E-472C-4D2C-8101-5FB381350BCB}.Release|Any CPU.Build.0 = Release|Any CPU
		{79BA3C6E-472C-4D2C-8101-5FB381350BCB}.Release|x64.ActiveCfg = Release|Any CPU
		{79BA3C6E-472C-4D2C-8101-5FB381350BCB}.Release|x64.Build.0 = Release|Any CPU
		{79BA3C6E-472C-4D2C-8101-5FB381350BCB}.Release|x86.ActiveCfg = Release|Any CPU
		{79BA3C6E-472C-4D2C-8101-5FB381350BCB}.Release|x86.Build.0 = Release|Any CPU
		{EF73C55D-411C-4FB4-9583-EFAEB4F3C25F}.Debug|Any CPU.ActiveCfg = Debug|Any CPU
		{EF73C55D-411C-4FB4-9583-EFAEB4F3C25F}.Debug|Any CPU.Build.0 = Debug|Any CPU
		{EF73C55D-411C-4FB4-9583-EFAEB4F3C25F}.Debug|x64.ActiveCfg = Debug|Any CPU
		{EF73C55D-411C-4FB4-9583-EFAEB4F3C25F}.Debug|x64.Build.0 = Debug|Any CPU
		{EF73C55D-411C-4FB4-9583-EFAEB4F3C25F}.Debug|x86.ActiveCfg = Debug|Any CPU
		{EF73C55D-411C-4FB4-9583-EFAEB4F3C25F}.Debug|x86.Build.0 = Debug|Any CPU
		{EF73C55D-411C-4FB4-9583-EFAEB4F3C25F}.Release|Any CPU.ActiveCfg = Release|Any CPU
		{EF73C55D-411C-4FB4-9583-EFAEB4F3C25F}.Release|Any CPU.Build.0 = Release|Any CPU
		{EF73C55D-411C-4FB4-9583-EFAEB4F3C25F}.Release|x64.ActiveCfg = Release|Any CPU
		{EF73C55D-411C-4FB4-9583-EFAEB4F3C25F}.Release|x64.Build.0 = Release|Any CPU
		{EF73C55D-411C-4FB4-9583-EFAEB4F3C25F}.Release|x86.ActiveCfg = Release|Any CPU
		{EF73C55D-411C-4FB4-9583-EFAEB4F3C25F}.Release|x86.Build.0 = Release|Any CPU
		{A54196C8-64E0-4A40-8A72-2A8CE1896302}.Debug|Any CPU.ActiveCfg = Debug|Any CPU
		{A54196C8-64E0-4A40-8A72-2A8CE1896302}.Debug|Any CPU.Build.0 = Debug|Any CPU
		{A54196C8-64E0-4A40-8A72-2A8CE1896302}.Debug|x64.ActiveCfg = Debug|Any CPU
		{A54196C8-64E0-4A40-8A72-2A8CE1896302}.Debug|x64.Build.0 = Debug|Any CPU
		{A54196C8-64E0-4A40-8A72-2A8CE1896302}.Debug|x86.ActiveCfg = Debug|Any CPU
		{A54196C8-64E0-4A40-8A72-2A8CE1896302}.Debug|x86.Build.0 = Debug|Any CPU
		{A54196C8-64E0-4A40-8A72-2A8CE1896302}.Release|Any CPU.ActiveCfg = Release|Any CPU
		{A54196C8-64E0-4A40-8A72-2A8CE1896302}.Release|Any CPU.Build.0 = Release|Any CPU
		{A54196C8-64E0-4A40-8A72-2A8CE1896302}.Release|x64.ActiveCfg = Release|Any CPU
		{A54196C8-64E0-4A40-8A72-2A8CE1896302}.Release|x64.Build.0 = Release|Any CPU
		{A54196C8-64E0-4A40-8A72-2A8CE1896302}.Release|x86.ActiveCfg = Release|Any CPU
		{A54196C8-64E0-4A40-8A72-2A8CE1896302}.Release|x86.Build.0 = Release|Any CPU
		{0ABE52F3-501E-4EF2-A466-7033DF89F9FF}.Debug|Any CPU.ActiveCfg = Debug|Any CPU
		{0ABE52F3-501E-4EF2-A466-7033DF89F9FF}.Debug|Any CPU.Build.0 = Debug|Any CPU
		{0ABE52F3-501E-4EF2-A466-7033DF89F9FF}.Debug|x64.ActiveCfg = Debug|Any CPU
		{0ABE52F3-501E-4EF2-A466-7033DF89F9FF}.Debug|x64.Build.0 = Debug|Any CPU
		{0ABE52F3-501E-4EF2-A466-7033DF89F9FF}.Debug|x86.ActiveCfg = Debug|Any CPU
		{0ABE52F3-501E-4EF2-A466-7033DF89F9FF}.Debug|x86.Build.0 = Debug|Any CPU
		{0ABE52F3-501E-4EF2-A466-7033DF89F9FF}.Release|Any CPU.ActiveCfg = Release|Any CPU
		{0ABE52F3-501E-4EF2-A466-7033DF89F9FF}.Release|Any CPU.Build.0 = Release|Any CPU
		{0ABE52F3-501E-4EF2-A466-7033DF89F9FF}.Release|x64.ActiveCfg = Release|Any CPU
		{0ABE52F3-501E-4EF2-A466-7033DF89F9FF}.Release|x64.Build.0 = Release|Any CPU
		{0ABE52F3-501E-4EF2-A466-7033DF89F9FF}.Release|x86.ActiveCfg = Release|Any CPU
		{0ABE52F3-501E-4EF2-A466-7033DF89F9FF}.Release|x86.Build.0 = Release|Any CPU
		{77F1DC83-5797-4E5B-A209-69B478115F0D}.Debug|Any CPU.ActiveCfg = Debug|Any CPU
		{77F1DC83-5797-4E5B-A209-69B478115F0D}.Debug|Any CPU.Build.0 = Debug|Any CPU
		{77F1DC83-5797-4E5B-A209-69B478115F0D}.Debug|x64.ActiveCfg = Debug|Any CPU
		{77F1DC83-5797-4E5B-A209-69B478115F0D}.Debug|x64.Build.0 = Debug|Any CPU
		{77F1DC83-5797-4E5B-A209-69B478115F0D}.Debug|x86.ActiveCfg = Debug|Any CPU
		{77F1DC83-5797-4E5B-A209-69B478115F0D}.Debug|x86.Build.0 = Debug|Any CPU
		{77F1DC83-5797-4E5B-A209-69B478115F0D}.Release|Any CPU.ActiveCfg = Release|Any CPU
		{77F1DC83-5797-4E5B-A209-69B478115F0D}.Release|Any CPU.Build.0 = Release|Any CPU
		{77F1DC83-5797-4E5B-A209-69B478115F0D}.Release|x64.ActiveCfg = Release|Any CPU
		{77F1DC83-5797-4E5B-A209-69B478115F0D}.Release|x64.Build.0 = Release|Any CPU
		{77F1DC83-5797-4E5B-A209-69B478115F0D}.Release|x86.ActiveCfg = Release|Any CPU
		{77F1DC83-5797-4E5B-A209-69B478115F0D}.Release|x86.Build.0 = Release|Any CPU
		{1648AE37-EE6E-4581-9FD0-1B321A5ECED6}.Debug|Any CPU.ActiveCfg = Debug|Any CPU
		{1648AE37-EE6E-4581-9FD0-1B321A5ECED6}.Debug|Any CPU.Build.0 = Debug|Any CPU
		{1648AE37-EE6E-4581-9FD0-1B321A5ECED6}.Debug|x64.ActiveCfg = Debug|Any CPU
		{1648AE37-EE6E-4581-9FD0-1B321A5ECED6}.Debug|x64.Build.0 = Debug|Any CPU
		{1648AE37-EE6E-4581-9FD0-1B321A5ECED6}.Debug|x86.ActiveCfg = Debug|Any CPU
		{1648AE37-EE6E-4581-9FD0-1B321A5ECED6}.Debug|x86.Build.0 = Debug|Any CPU
		{1648AE37-EE6E-4581-9FD0-1B321A5ECED6}.Release|Any CPU.ActiveCfg = Release|Any CPU
		{1648AE37-EE6E-4581-9FD0-1B321A5ECED6}.Release|Any CPU.Build.0 = Release|Any CPU
		{1648AE37-EE6E-4581-9FD0-1B321A5ECED6}.Release|x64.ActiveCfg = Release|Any CPU
		{1648AE37-EE6E-4581-9FD0-1B321A5ECED6}.Release|x64.Build.0 = Release|Any CPU
		{1648AE37-EE6E-4581-9FD0-1B321A5ECED6}.Release|x86.ActiveCfg = Release|Any CPU
		{1648AE37-EE6E-4581-9FD0-1B321A5ECED6}.Release|x86.Build.0 = Release|Any CPU
	EndGlobalSection
	GlobalSection(SolutionProperties) = preSolution
		HideSolutionNode = FALSE
	EndGlobalSection
	GlobalSection(NestedProjects) = preSolution
		{F84DC86D-750F-4092-B891-AEFE996D84F2} = {827E0CD3-B72D-47B6-A68D-7590B98EB39B}
		{3F7BFF9F-80CB-49A8-805A-1334E49ED623} = {827E0CD3-B72D-47B6-A68D-7590B98EB39B}
		{CE4E61BE-5F33-433C-BD3C-31A4D0B0A113} = {827E0CD3-B72D-47B6-A68D-7590B98EB39B}
		{80D76061-E80F-43AD-AA8F-8C8DD4FBF283} = {827E0CD3-B72D-47B6-A68D-7590B98EB39B}
		{2E209207-4F19-48DC-919F-382064B5223A} = {827E0CD3-B72D-47B6-A68D-7590B98EB39B}
		{79BA3C6E-472C-4D2C-8101-5FB381350BCB} = {827E0CD3-B72D-47B6-A68D-7590B98EB39B}
		{EF73C55D-411C-4FB4-9583-EFAEB4F3C25F} = {827E0CD3-B72D-47B6-A68D-7590B98EB39B}
		{A54196C8-64E0-4A40-8A72-2A8CE1896302} = {0AB3BF05-4346-4AA6-1389-037BE0695223}
		{0ABE52F3-501E-4EF2-A466-7033DF89F9FF} = {0AB3BF05-4346-4AA6-1389-037BE0695223}
		{77F1DC83-5797-4E5B-A209-69B478115F0D} = {827E0CD3-B72D-47B6-A68D-7590B98EB39B}
		{1648AE37-EE6E-4581-9FD0-1B321A5ECED6} = {827E0CD3-B72D-47B6-A68D-7590B98EB39B}
	EndGlobalSection
EndGlobal
