Microsoft Visual Studio Solution File, Format Version 12.00
# Visual Studio Version 17
VisualStudioVersion = 17.8.0.0
MinimumVisualStudioVersion = 17.8.0.0
Project("{9A19103F-16F7-4668-BE54-9A1E7A4F7556}") = "EMMA.AppHost", "EMMA.AppHost\EMMA.AppHost.csproj", "{BB93AEBA-D7B2-46B6-A274-73373936C7DA}"
EndProject
Project("{9A19103F-16F7-4668-BE54-9A1E7A4F7556}") = "EMMA.Server", "EMMA.Server\EMMA.Server.csproj", "{C9990EF9-40A0-4CFF-AB34-E47B786DC965}"
EndProject
Project("{54A90642-561A-4BB1-A94E-469ADEE60C69}") = "frontend", "frontend\frontend.esproj", "{72211051-61C8-4B5C-BCF3-BA590D7DFF59}"
EndProject
Project("{2150E333-8FDC-42A3-9474-1A3956D46DE8}") = "EMMA.Ingest", "EMMA.Ingest", "{D0933928-A466-4191-8D99-232185250485}"
	ProjectSection(SolutionItems) = preProject
		EMMA.Ingest\go.mod = EMMA.Ingest\go.mod
		EMMA.Ingest\main.go = EMMA.Ingest\main.go
	EndProjectSection
EndProject
Project("{2150E333-8FDC-42A3-9474-1A3956D46DE8}") = "internal", "internal", "{88888888-8888-8888-8888-888888888801}"
EndProject
Project("{2150E333-8FDC-42A3-9474-1A3956D46DE8}") = "config", "config", "{88888888-8888-8888-8888-888888888802}"
	ProjectSection(SolutionItems) = preProject
		EMMA.Ingest\internal\config\config.go = EMMA.Ingest\internal\config\config.go
	EndProjectSection
EndProject
Project("{2150E333-8FDC-42A3-9474-1A3956D46DE8}") = "infrastructure", "infrastructure", "{88888888-8888-8888-8888-888888888803}"
EndProject
Project("{2150E333-8FDC-42A3-9474-1A3956D46DE8}") = "database", "database", "{88888888-8888-8888-8888-888888888804}"
	ProjectSection(SolutionItems) = preProject
		EMMA.Ingest\internal\infrastructure\database\postgres.go = EMMA.Ingest\internal\infrastructure\database\postgres.go
	EndProjectSection
EndProject
Project("{2150E333-8FDC-42A3-9474-1A3956D46DE8}") = "messaging", "messaging", "{88888888-8888-8888-8888-888888888805}"
	ProjectSection(SolutionItems) = preProject
		EMMA.Ingest\internal\infrastructure\messaging\kafka.go = EMMA.Ingest\internal\infrastructure\messaging\kafka.go
	EndProjectSection
EndProject
Project("{2150E333-8FDC-42A3-9474-1A3956D46DE8}") = "model", "model", "{88888888-8888-8888-8888-888888888806}"
	ProjectSection(SolutionItems) = preProject
		EMMA.Ingest\internal\model\telemetry.go = EMMA.Ingest\internal\model\telemetry.go
	EndProjectSection
EndProject
Project("{2150E333-8FDC-42A3-9474-1A3956D46DE8}") = "service", "service", "{88888888-8888-8888-8888-888888888807}"
	ProjectSection(SolutionItems) = preProject
		EMMA.Ingest\internal\service\ingestor.go = EMMA.Ingest\internal\service\ingestor.go
	EndProjectSection
EndProject

Global
	GlobalSection(SolutionConfigurationPlatforms) = preSolution
		Debug|Any CPU = Debug|Any CPU
		Release|Any CPU = Release|Any CPU
	EndGlobalSection
	GlobalSection(ProjectConfigurationPlatforms) = postSolution
		{BB93AEBA-D7B2-46B6-A274-73373936C7DA}.Debug|Any CPU.ActiveCfg = Debug|Any CPU
		{BB93AEBA-D7B2-46B6-A274-73373936C7DA}.Debug|Any CPU.Build.0 = Debug|Any CPU
		{BB93AEBA-D7B2-46B6-A274-73373936C7DA}.Release|Any CPU.ActiveCfg = Release|Any CPU
		{BB93AEBA-D7B2-46B6-A274-73373936C7DA}.Release|Any CPU.Build.0 = Release|Any CPU
		{C9990EF9-40A0-4CFF-AB34-E47B786DC965}.Debug|Any CPU.ActiveCfg = Debug|Any CPU
		{C9990EF9-40A0-4CFF-AB34-E47B786DC965}.Debug|Any CPU.Build.0 = Debug|Any CPU
		{C9990EF9-40A0-4CFF-AB34-E47B786DC965}.Release|Any CPU.ActiveCfg = Release|Any CPU
		{C9990EF9-40A0-4CFF-AB34-E47B786DC965}.Release|Any CPU.Build.0 = Release|Any CPU
		{72211051-61C8-4B5C-BCF3-BA590D7DFF59}.Debug|Any CPU.ActiveCfg = Debug|Any CPU
		{72211051-61C8-4B5C-BCF3-BA590D7DFF59}.Debug|Any CPU.Build.0 = Debug|Any CPU
		{72211051-61C8-4B5C-BCF3-BA590D7DFF59}.Release|Any CPU.ActiveCfg = Release|Any CPU
		{72211051-61C8-4B5C-BCF3-BA590D7DFF59}.Release|Any CPU.Build.0 = Release|Any CPU

	EndGlobalSection
	GlobalSection(SolutionProperties) = preSolution
		HideSolutionNode = FALSE
	EndGlobalSection
	GlobalSection(NestedProjects) = preSolution
		{88888888-8888-8888-8888-888888888801} = {D0933928-A466-4191-8D99-232185250485}
		{88888888-8888-8888-8888-888888888802} = {88888888-8888-8888-8888-888888888801}
		{88888888-8888-8888-8888-888888888803} = {88888888-8888-8888-8888-888888888801}
		{88888888-8888-8888-8888-888888888804} = {88888888-8888-8888-8888-888888888803}
		{88888888-8888-8888-8888-888888888805} = {88888888-8888-8888-8888-888888888803}
		{88888888-8888-8888-8888-888888888806} = {88888888-8888-8888-8888-888888888801}
		{88888888-8888-8888-8888-888888888807} = {88888888-8888-8888-8888-888888888801}
	EndGlobalSection
	GlobalSection(ExtensibilityGlobals) = postSolution
		SolutionGuid = {04C53147-41FD-40DD-9BA3-771DBF80665B}
	EndGlobalSection
EndGlobal
